// !$*UTF8*$!
{
	archiveVersion = 1;
	classes = {
	};
	objectVersion = 46;
	objects = {

/* Begin PBXBuildFile section */
		9FD171391EA6650F63E305BE /* Pods_HcdSpecialField_Example.framework in Frameworks */ = {isa = PBXBuildFile; fileRef = E3F772BEF97210A1316378A2 /* Pods_HcdSpecialField_Example.framework */; };
		BE835FBA1EC1B3BA000966E5 /* AppDelegate.swift in Sources */ = {isa = PBXBuildFile; fileRef = BE835FB91EC1B3BA000966E5 /* AppDelegate.swift */; };
		BE835FBF1EC1B3BA000966E5 /* Main.storyboard in Resources */ = {isa = PBXBuildFile; fileRef = BE835FBD1EC1B3BA000966E5 /* Main.storyboard */; };
		BE835FC11EC1B3BA000966E5 /* Assets.xcassets in Resources */ = {isa = PBXBuildFile; fileRef = BE835FC01EC1B3BA000966E5 /* Assets.xcassets */; };
		BE835FC41EC1B3BA000966E5 /* LaunchScreen.storyboard in Resources */ = {isa = PBXBuildFile; fileRef = BE835FC21EC1B3BA000966E5 /* LaunchScreen.storyboard */; };
		BE886C1C1EC2A2D20077BE80 /* RootTableViewController.swift in Sources */ = {isa = PBXBuildFile; fileRef = BE886C1B1EC2A2D20077BE80 /* RootTableViewController.swift */; };
		BE886C1E1EC2A3B10077BE80 /* MobikeViewController.swift in Sources */ = {isa = PBXBuildFile; fileRef = BE886C1D1EC2A3B10077BE80 /* MobikeViewController.swift */; };
		BE886C231EC42BF20077BE80 /* RedeemCodeViewController.swift in Sources */ = {isa = PBXBuildFile; fileRef = BE886C221EC42BF20077BE80 /* RedeemCodeViewController.swift */; };
		BE886C251EC42CF50077BE80 /* PassCodeViewController.swift in Sources */ = {isa = PBXBuildFile; fileRef = BE886C241EC42CF50077BE80 /* PassCodeViewController.swift */; };
		BE886C281EC440630077BE80 /* scan_pic_input@3x.png in Resources */ = {isa = PBXBuildFile; fileRef = BE886C271EC440630077BE80 /* scan_pic_input@3x.png */; };
/* End PBXBuildFile section */

/* Begin PBXFileReference section */
		82DF5B2ECF0620892A6C8AB0 /* Pods-HcdSpecialField_Example.debug.xcconfig */ = {isa = PBXFileReference; includeInIndex = 1; lastKnownFileType = text.xcconfig; name = "Pods-HcdSpecialField_Example.debug.xcconfig"; path = "Pods/Target Support Files/Pods-HcdSpecialField_Example/Pods-HcdSpecialField_Example.debug.xcconfig"; sourceTree = "<group>"; };
		BE835FB61EC1B3BA000966E5 /* HcdSpecialField_Example.app */ = {isa = PBXFileReference; explicitFileType = wrapper.application; includeInIndex = 0; path = HcdSpecialField_Example.app; sourceTree = BUILT_PRODUCTS_DIR; };
		BE835FB91EC1B3BA000966E5 /* AppDelegate.swift */ = {isa = PBXFileReference; lastKnownFileType = sourcecode.swift; path = AppDelegate.swift; sourceTree = "<group>"; };
		BE835FBE1EC1B3BA000966E5 /* Base */ = {isa = PBXFileReference; lastKnownFileType = file.storyboard; name = Base; path = Base.lproj/Main.storyboard; sourceTree = "<group>"; };
		BE835FC01EC1B3BA000966E5 /* Assets.xcassets */ = {isa = PBXFileReference; lastKnownFileType = folder.assetcatalog; path = Assets.xcassets; sourceTree = "<group>"; };
		BE835FC31EC1B3BA000966E5 /* Base */ = {isa = PBXFileReference; lastKnownFileType = file.storyboard; name = Base; path = Base.lproj/LaunchScreen.storyboard; sourceTree = "<group>"; };
		BE835FC51EC1B3BA000966E5 /* Info.plist */ = {isa = PBXFileReference; lastKnownFileType = text.plist.xml; path = Info.plist; sourceTree = "<group>"; };
		BE886C1B1EC2A2D20077BE80 /* RootTableViewController.swift */ = {isa = PBXFileReference; fileEncoding = 4; lastKnownFileType = sourcecode.swift; path = RootTableViewController.swift; sourceTree = "<group>"; };
		BE886C1D1EC2A3B10077BE80 /* MobikeViewController.swift */ = {isa = PBXFileReference; fileEncoding = 4; lastKnownFileType = sourcecode.swift; path = MobikeViewController.swift; sourceTree = "<group>"; };
		BE886C221EC42BF20077BE80 /* RedeemCodeViewController.swift */ = {isa = PBXFileReference; fileEncoding = 4; lastKnownFileType = sourcecode.swift; path = RedeemCodeViewController.swift; sourceTree = "<group>"; };
		BE886C241EC42CF50077BE80 /* PassCodeViewController.swift */ = {isa = PBXFileReference; fileEncoding = 4; lastKnownFileType = sourcecode.swift; path = PassCodeViewController.swift; sourceTree = "<group>"; };
		BE886C271EC440630077BE80 /* scan_pic_input@3x.png */ = {isa = PBXFileReference; lastKnownFileType = image.png; path = "scan_pic_input@3x.png"; sourceTree = "<group>"; };
		C3E86F2339E188F6FE1F02E8 /* Pods-HcdSpecialField_Example.release.xcconfig */ = {isa = PBXFileReference; includeInIndex = 1; lastKnownFileType = text.xcconfig; name = "Pods-HcdSpecialField_Example.release.xcconfig"; path = "Pods/Target Support Files/Pods-HcdSpecialField_Example/Pods-HcdSpecialField_Example.release.xcconfig"; sourceTree = "<group>"; };
		E3F772BEF97210A1316378A2 /* Pods_HcdSpecialField_Example.framework */ = {isa = PBXFileReference; explicitFileType = wrapper.framework; includeInIndex = 0; path = Pods_HcdSpecialField_Example.framework; sourceTree = BUILT_PRODUCTS_DIR; };
/* End PBXFileReference section */

/* Begin PBXFrameworksBuildPhase section */
		BE835FB31EC1B3BA000966E5 /* Frameworks */ = {
			isa = PBXFrameworksBuildPhase;
			buildActionMask = 2147483647;
			files = (
				9FD171391EA6650F63E305BE /* Pods_HcdSpecialField_Example.framework in Frameworks */,
			);
			runOnlyForDeploymentPostprocessing = 0;
		};
/* End PBXFrameworksBuildPhase section */

/* Begin PBXGroup section */
		350A498C1055036F04733FA2 /* Pods */ = {
			isa = PBXGroup;
			children = (
				82DF5B2ECF0620892A6C8AB0 /* Pods-HcdSpecialField_Example.debug.xcconfig */,
				C3E86F2339E188F6FE1F02E8 /* Pods-HcdSpecialField_Example.release.xcconfig */,
			);
			name = Pods;
			sourceTree = "<group>";
		};
		3E216303AC72FF5E49E39698 /* Frameworks */ = {
			isa = PBXGroup;
			children = (
				E3F772BEF97210A1316378A2 /* Pods_HcdSpecialField_Example.framework */,
			);
			name = Frameworks;
			sourceTree = "<group>";
		};
		BE835FAD1EC1B3BA000966E5 = {
			isa = PBXGroup;
			children = (
				BE886C261EC440630077BE80 /* Resources */,
				BE835FB81EC1B3BA000966E5 /* HcdSpecialField */,
				BE835FB71EC1B3BA000966E5 /* Products */,
				350A498C1055036F04733FA2 /* Pods */,
				3E216303AC72FF5E49E39698 /* Frameworks */,
			);
			sourceTree = "<group>";
		};
		BE835FB71EC1B3BA000966E5 /* Products */ = {
			isa = PBXGroup;
			children = (
				BE835FB61EC1B3BA000966E5 /* HcdSpecialField_Example.app */,
			);
			name = Products;
			sourceTree = "<group>";
		};
		BE835FB81EC1B3BA000966E5 /* HcdSpecialField */ = {
			isa = PBXGroup;
			children = (
				BE835FB91EC1B3BA000966E5 /* AppDelegate.swift */,
				BE886C1B1EC2A2D20077BE80 /* RootTableViewController.swift */,
				BE886C1D1EC2A3B10077BE80 /* MobikeViewController.swift */,
				BE886C221EC42BF20077BE80 /* RedeemCodeViewController.swift */,
				BE886C241EC42CF50077BE80 /* PassCodeViewController.swift */,
				BE835FBD1EC1B3BA000966E5 /* Main.storyboard */,
				BE835FC01EC1B3BA000966E5 /* Assets.xcassets */,
				BE835FC21EC1B3BA000966E5 /* LaunchScreen.storyboard */,
				BE835FC51EC1B3BA000966E5 /* Info.plist */,
			);
			path = HcdSpecialField;
			sourceTree = "<group>";
		};
		BE886C261EC440630077BE80 /* Resources */ = {
			isa = PBXGroup;
			children = (
				BE886C271EC440630077BE80 /* scan_pic_input@3x.png */,
			);
			path = Resources;
			sourceTree = "<group>";
		};
/* End PBXGroup section */

/* Begin PBXNativeTarget section */
		BE835FB51EC1B3BA000966E5 /* HcdSpecialField_Example */ = {
			isa = PBXNativeTarget;
			buildConfigurationList = BE835FC81EC1B3BA000966E5 /* Build configuration list for PBXNativeTarget "HcdSpecialField_Example" */;
			buildPhases = (
				30B283D61EC98EADB8AE1D2B /* [CP] Check Pods Manifest.lock */,
				BE835FB21EC1B3BA000966E5 /* Sources */,
				BE835FB31EC1B3BA000966E5 /* Frameworks */,
				BE835FB41EC1B3BA000966E5 /* Resources */,
				41F67734F6F4F1354882AFEA /* [CP] Embed Pods Frameworks */,
				21244D6C92FCC7F6D5F4BBD5 /* [CP] Copy Pods Resources */,
			);
			buildRules = (
			);
			dependencies = (
			);
			name = HcdSpecialField_Example;
			productName = HcdSpecialField;
			productReference = BE835FB61EC1B3BA000966E5 /* HcdSpecialField_Example.app */;
			productType = "com.apple.product-type.application";
		};
/* End PBXNativeTarget section */

/* Begin PBXProject section */
		BE835FAE1EC1B3BA000966E5 /* Project object */ = {
			isa = PBXProject;
			attributes = {
				LastSwiftUpdateCheck = 0830;
				LastUpgradeCheck = 0830;
				ORGANIZATIONNAME = Jvaeyhcd;
				TargetAttributes = {
					BE835FB51EC1B3BA000966E5 = {
						CreatedOnToolsVersion = 8.3.2;
						DevelopmentTeam = NLP5PZS8U3;
						ProvisioningStyle = Automatic;
					};
				};
			};
			buildConfigurationList = BE835FB11EC1B3BA000966E5 /* Build configuration list for PBXProject "HcdSpecialField" */;
			compatibilityVersion = "Xcode 3.2";
			developmentRegion = English;
			hasScannedForEncodings = 0;
			knownRegions = (
				en,
				Base,
			);
			mainGroup = BE835FAD1EC1B3BA000966E5;
			productRefGroup = BE835FB71EC1B3BA000966E5 /* Products */;
			projectDirPath = "";
			projectRoot = "";
			targets = (
				BE835FB51EC1B3BA000966E5 /* HcdSpecialField_Example */,
			);
		};
/* End PBXProject section */

/* Begin PBXResourcesBuildPhase section */
		BE835FB41EC1B3BA000966E5 /* Resources */ = {
			isa = PBXResourcesBuildPhase;
			buildActionMask = 2147483647;
			files = (
				BE835FC41EC1B3BA000966E5 /* LaunchScreen.storyboard in Resources */,
				BE835FC11EC1B3BA000966E5 /* Assets.xcassets in Resources */,
				BE886C281EC440630077BE80 /* scan_pic_input@3x.png in Resources */,
				BE835FBF1EC1B3BA000966E5 /* Main.storyboard in Resources */,
			);
			runOnlyForDeploymentPostprocessing = 0;
		};
/* End PBXResourcesBuildPhase section */

/* Begin PBXShellScriptBuildPhase section */
		21244D6C92FCC7F6D5F4BBD5 /* [CP] Copy Pods Resources */ = {
			isa = PBXShellScriptBuildPhase;
			buildActionMask = 2147483647;
			files = (
			);
			inputPaths = (
			);
			name = "[CP] Copy Pods Resources";
			outputPaths = (
			);
			runOnlyForDeploymentPostprocessing = 0;
			shellPath = /bin/sh;
			shellScript = "\"${SRCROOT}/Pods/Target Support Files/Pods-HcdSpecialField_Example/Pods-HcdSpecialField_Example-resources.sh\"\n";
			showEnvVarsInLog = 0;
		};
		30B283D61EC98EADB8AE1D2B /* [CP] Check Pods Manifest.lock */ = {
			isa = PBXShellScriptBuildPhase;
			buildActionMask = 2147483647;
			files = (
			);
			inputPaths = (
			);
			name = "[CP] Check Pods Manifest.lock";
			outputPaths = (
			);
			runOnlyForDeploymentPostprocessing = 0;
			shellPath = /bin/sh;
			shellScript = "diff \"${PODS_ROOT}/../Podfile.lock\" \"${PODS_ROOT}/Manifest.lock\" > /dev/null\nif [ $? != 0 ] ; then\n    # print error to STDERR\n    echo \"error: The sandbox is not in sync with the Podfile.lock. Run 'pod install' or update your CocoaPods installation.\" >&2\n    exit 1\nfi\n";
			showEnvVarsInLog = 0;
		};
		41F67734F6F4F1354882AFEA /* [CP] Embed Pods Frameworks */ = {
			isa = PBXShellScriptBuildPhase;
			buildActionMask = 2147483647;
			files = (
			);
			inputPaths = (
			);
			name = "[CP] Embed Pods Frameworks";
			outputPaths = (
			);
			runOnlyForDeploymentPostprocessing = 0;
			shellPath = /bin/sh;
			shellScript = "\"${SRCROOT}/Pods/Target Support Files/Pods-HcdSpecialField_Example/Pods-HcdSpecialField_Example-frameworks.sh\"\n";
			showEnvVarsInLog = 0;
		};
/* End PBXShellScriptBuildPhase section */

/* Begin PBXSourcesBuildPhase section */
		BE835FB21EC1B3BA000966E5 /* Sources */ = {
			isa = PBXSourcesBuildPhase;
			buildActionMask = 2147483647;
			files = (
				BE886C1E1EC2A3B10077BE80 /* MobikeViewController.swift in Sources */,
				BE886C231EC42BF20077BE80 /* RedeemCodeViewController.swift in Sources */,
				BE886C251EC42CF50077BE80 /* PassCodeViewController.swift in Sources */,
				BE886C1C1EC2A2D20077BE80 /* RootTableViewController.swift in Sources */,
				BE835FBA1EC1B3BA000966E5 /* AppDelegate.swift in Sources */,
			);
			runOnlyForDeploymentPostprocessing = 0;
		};
/* End PBXSourcesBuildPhase section */

/* Begin PBXVariantGroup section */
		BE835FBD1EC1B3BA000966E5 /* Main.storyboard */ = {
			isa = PBXVariantGroup;
			children = (
				BE835FBE1EC1B3BA000966E5 /* Base */,
			);
			name = Main.storyboard;
			sourceTree = "<group>";
		};
		BE835FC21EC1B3BA000966E5 /* LaunchScreen.storyboard */ = {
			isa = PBXVariantGroup;
			children = (
				BE835FC31EC1B3BA000966E5 /* Base */,
			);
			name = LaunchScreen.storyboard;
			sourceTree = "<group>";
		};
/* End PBXVariantGroup section */

/* Begin XCBuildConfiguration section */
		BE835FC61EC1B3BA000966E5 /* Debug */ = {
			isa = XCBuildConfiguration;
			buildSettings = {
				ALWAYS_SEARCH_USER_PATHS = NO;
				CLANG_ANALYZER_NONNULL = YES;
				CLANG_ANALYZER_NUMBER_OBJECT_CONVERSION = YES_AGGRESSIVE;
				CLANG_CXX_LANGUAGE_STANDARD = "gnu++0x";
				CLANG_CXX_LIBRARY = "libc++";
				CLANG_ENABLE_MODULES = YES;
				CLANG_ENABLE_OBJC_ARC = YES;
				CLANG_WARN_BOOL_CONVERSION = YES;
				CLANG_WARN_CONSTANT_CONVERSION = YES;
				CLANG_WARN_DIRECT_OBJC_ISA_USAGE = YES_ERROR;
				CLANG_WARN_DOCUMENTATION_COMMENTS = YES;
				CLANG_WARN_EMPTY_BODY = YES;
				CLANG_WARN_ENUM_CONVERSION = YES;
				CLANG_WARN_INFINITE_RECURSION = YES;
				CLANG_WARN_INT_CONVERSION = YES;
				CLANG_WARN_OBJC_ROOT_CLASS = YES_ERROR;
				CLANG_WARN_SUSPICIOUS_MOVE = YES;
				CLANG_WARN_UNREACHABLE_CODE = YES;
				CLANG_WARN__DUPLICATE_METHOD_MATCH = YES;
				"CODE_SIGN_IDENTITY[sdk=iphoneos*]" = "iPhone Developer";
				COPY_PHASE_STRIP = NO;
				DEBUG_INFORMATION_FORMAT = dwarf;
				ENABLE_STRICT_OBJC_MSGSEND = YES;
				ENABLE_TESTABILITY = YES;
				GCC_C_LANGUAGE_STANDARD = gnu99;
				GCC_DYNAMIC_NO_PIC = NO;
				GCC_NO_COMMON_BLOCKS = YES;
				GCC_OPTIMIZATION_LEVEL = 0;
				GCC_PREPROCESSOR_DEFINITIONS = (
					"DEBUG=1",
					"$(inherited)",
				);
				GCC_WARN_64_TO_32_BIT_CONVERSION = YES;
				GCC_WARN_ABOUT_RETURN_TYPE = YES_ERROR;
				GCC_WARN_UNDECLARED_SELECTOR = YES;
				GCC_WARN_UNINITIALIZED_AUTOS = YES_AGGRESSIVE;
				GCC_WARN_UNUSED_FUNCTION = YES;
				GCC_WARN_UNUSED_VARIABLE = YES;
				IPHONEOS_DEPLOYMENT_TARGET = 10.3;
				MTL_ENABLE_DEBUG_INFO = YES;
				ONLY_ACTIVE_ARCH = YES;
				SDKROOT = iphoneos;
				SWIFT_ACTIVE_COMPILATION_CONDITIONS = DEBUG;
				SWIFT_OPTIMIZATION_LEVEL = "-Onone";
			};
			name = Debug;
		};
		BE835FC71EC1B3BA000966E5 /* Release */ = {
			isa = XCBuildConfiguration;
			buildSettings = {
				ALWAYS_SEARCH_USER_PATHS = NO;
				CLANG_ANALYZER_NONNULL = YES;
				CLANG_ANALYZER_NUMBER_OBJECT_CONVERSION = YES_AGGRESSIVE;
				CLANG_CXX_LANGUAGE_STANDARD = "gnu++0x";
				CLANG_CXX_LIBRARY = "libc++";
				CLANG_ENABLE_MODULES = YES;
				CLANG_ENABLE_OBJC_ARC = YES;
				CLANG_WARN_BOOL_CONVERSION = YES;
				CLANG_WARN_CONSTANT_CONVERSION = YES;
				CLANG_WARN_DIRECT_OBJC_ISA_USAGE = YES_ERROR;
				CLANG_WARN_DOCUMENTATION_COMMENTS = YES;
				CLANG_WARN_EMPTY_BODY = YES;
				CLANG_WARN_ENUM_CONVERSION = YES;
				CLANG_WARN_INFINITE_RECURSION = YES;
				CLANG_WARN_INT_CONVERSION = YES;
				CLANG_WARN_OBJC_ROOT_CLASS = YES_ERROR;
				CLANG_WARN_SUSPICIOUS_MOVE = YES;
				CLANG_WARN_UNREACHABLE_CODE = YES;
				CLANG_WARN__DUPLICATE_METHOD_MATCH = YES;
				"CODE_SIGN_IDENTITY[sdk=iphoneos*]" = "iPhone Developer";
				COPY_PHASE_STRIP = NO;
				DEBUG_INFORMATION_FORMAT = "dwarf-with-dsym";
				ENABLE_NS_ASSERTIONS = NO;
				ENABLE_STRICT_OBJC_MSGSEND = YES;
				GCC_C_LANGUAGE_STANDARD = gnu99;
				GCC_NO_COMMON_BLOCKS = YES;
				GCC_WARN_64_TO_32_BIT_CONVERSION = YES;
				GCC_WARN_ABOUT_RETURN_TYPE = YES_ERROR;
				GCC_WARN_UNDECLARED_SELECTOR = YES;
				GCC_WARN_UNINITIALIZED_AUTOS = YES_AGGRESSIVE;
				GCC_WARN_UNUSED_FUNCTION = YES;
				GCC_WARN_UNUSED_VARIABLE = YES;
				IPHONEOS_DEPLOYMENT_TARGET = 10.3;
				MTL_ENABLE_DEBUG_INFO = NO;
				SDKROOT = iphoneos;
				SWIFT_OPTIMIZATION_LEVEL = "-Owholemodule";
				VALIDATE_PRODUCT = YES;
			};
			name = Release;
		};
		BE835FC91EC1B3BA000966E5 /* Debug */ = {
			isa = XCBuildConfiguration;
			baseConfigurationReference = 82DF5B2ECF0620892A6C8AB0 /* Pods-HcdSpecialField_Example.debug.xcconfig */;
			buildSettings = {
				ASSETCATALOG_COMPILER_APPICON_NAME = AppIcon;
				DEVELOPMENT_TEAM = NLP5PZS8U3;
				INFOPLIST_FILE = HcdSpecialField/Info.plist;
				IPHONEOS_DEPLOYMENT_TARGET = 8.0;
				LD_RUNPATH_SEARCH_PATHS = "$(inherited) @executable_path/Frameworks";
				PRODUCT_BUNDLE_IDENTIFIER = com.jvaeyhcd.HcdSpecialField;
				PRODUCT_NAME = "$(TARGET_NAME)";
				SWIFT_VERSION = 3.0;
			};
			name = Debug;
		};
		BE835FCA1EC1B3BA000966E5 /* Release */ = {
			isa = XCBuildConfiguration;
			baseConfigurationReference = C3E86F2339E188F6FE1F02E8 /* Pods-HcdSpecialField_Example.release.xcconfig */;
			buildSettings = {
				ASSETCATALOG_COMPILER_APPICON_NAME = AppIcon;
				DEVELOPMENT_TEAM = NLP5PZS8U3;
				INFOPLIST_FILE = HcdSpecialField/Info.plist;
				IPHONEOS_DEPLOYMENT_TARGET = 8.0;
				LD_RUNPATH_SEARCH_PATHS = "$(inherited) @executable_path/Frameworks";
				PRODUCT_BUNDLE_IDENTIFIER = com.jvaeyhcd.HcdSpecialField;
				PRODUCT_NAME = "$(TARGET_NAME)";
				SWIFT_VERSION = 3.0;
			};
			name = Release;
		};
/* End XCBuildConfiguration section */

/* Begin XCConfigurationList section */
		BE835FB11EC1B3BA000966E5 /* Build configuration list for PBXProject "HcdSpecialField" */ = {
			isa = XCConfigurationList;
			buildConfigurations = (
				BE835FC61EC1B3BA000966E5 /* Debug */,
				BE835FC71EC1B3BA000966E5 /* Release */,
			);
			defaultConfigurationIsVisible = 0;
			defaultConfigurationName = Release;
		};
		BE835FC81EC1B3BA000966E5 /* Build configuration list for PBXNativeTarget "HcdSpecialField_Example" */ = {
			isa = XCConfigurationList;
			buildConfigurations = (
				BE835FC91EC1B3BA000966E5 /* Debug */,
				BE835FCA1EC1B3BA000966E5 /* Release */,
			);
			defaultConfigurationIsVisible = 0;
			defaultConfigurationName = Release;
		};
/* End XCConfigurationList section */
	};
	rootObject = BE835FAE1EC1B3BA000966E5 /* Project object */;
}
